{
  "nodes": {
    "acados-overlay": {
      "inputs": {
        "nixpkgs": "nixpkgs"
      },
      "locked": {
        "lastModified": 1739116467,
        "narHash": "sha256-FCZ+V5vm0Gmb231pD6+4rAg5BpYki/UJuacWUjTX6A0=",
        "owner": "adrian-kriegel",
        "repo": "acados-nix",
        "rev": "6c90cb27c5967962fdf7101122e999cd45acf253",
        "type": "github"
      },
      "original": {
        "owner": "adrian-kriegel",
        "repo": "acados-nix",
        "type": "github"
      }
    },
    "nixpkgs": {
      "locked": {
        "lastModified": 1739116018,
        "narHash": "sha256-vrOmBHdecGfXVvUgLsOesHVhvhVtv2JfEGM4YMOIrGs=",
        "owner": "NixOS",
        "repo": "nixpkgs",
        "rev": "6ad32f49e6a5be3472d2196eab43cee418a18256",
        "type": "github"
      },
      "original": {
        "owner": "NixOS",
        "repo": "nixpkgs",
        "type": "github"
      }
    },
    "nixpkgs_2": {
      "locked": {
        "lastModified": 1731157057,
        "narHash": "sha256-9syOK3Q59P86NIeU9uIxODq0eFgNjdcP+k9dI32clI0=",
        "owner": "NixOS",
        "repo": "nixpkgs",
        "rev": "3b91a81423cd1bff1bb173d3d45718bd38177fea",
        "type": "github"
      },
      "original": {
        "owner": "NixOS",
        "repo": "nixpkgs",
        "type": "github"
      }
    },
    "root": {
      "inputs": {
        "acados-overlay": "acados-overlay",
        "nixpkgs": "nixpkgs_2"
      }
    }
  },
  "root": "root",
  "version": 7
}
