{
  "nodes": {
    "acados-overlay": {
      "inputs": {
        "nixpkgs": "nixpkgs"
      },
      "locked": {
        "lastModified": 1731157347,
        "narHash": "sha256-wQLon4bh6hhcDiu+bJDe8BSsofZjr6J1LYp/iSE8NCU=",
        "owner": "adrian-kriegel",
        "repo": "acados-nix",
        "rev": "fc16a6d52bce7728479ec33bbcb3f28f55ddef51",
        "type": "github"
      },
      "original": {
        "owner": "adrian-kriegel",
        "repo": "acados-nix",
        "type": "github"
      }
    },
    "nixpkgs": {
      "locked": {
        "lastModified": 1731157057,
        "narHash": "sha256-9syOK3Q59P86NIeU9uIxODq0eFgNjdcP+k9dI32clI0=",
        "owner": "NixOS",
        "repo": "nixpkgs",
        "rev": "3b91a81423cd1bff1bb173d3d45718bd38177fea",
        "type": "github"
      },
      "original": {
        "owner": "NixOS",
        "repo": "nixpkgs",
        "type": "github"
      }
    },
    "nixpkgs_2": {
      "locked": {
        "lastModified": 1731157057,
        "narHash": "sha256-9syOK3Q59P86NIeU9uIxODq0eFgNjdcP+k9dI32clI0=",
        "owner": "NixOS",
        "repo": "nixpkgs",
        "rev": "3b91a81423cd1bff1bb173d3d45718bd38177fea",
        "type": "github"
      },
      "original": {
        "owner": "NixOS",
        "repo": "nixpkgs",
        "type": "github"
      }
    },
    "root": {
      "inputs": {
        "acados-overlay": "acados-overlay",
        "nixpkgs": "nixpkgs_2"
      }
    }
  },
  "root": "root",
  "version": 7
}
